
Microsoft Visual Studio Solution File, Format Version 12.00
# Visual Studio Version 16
VisualStudioVersion = 16.0.31911.196
MinimumVisualStudioVersion = 10.0.40219.1
Project("{FAE04EC0-301F-11D3-BF4B-00C04F79EFBC}") = "WebAPI", "WebAPI.csproj", "{2352962E-5859-48E1-A1B4-2EA2282BC7F3}"
EndProject
Global
	GlobalSection(SolutionConfigurationPlatforms) = preSolution
		Debug|Any CPU = Debug|Any CPU
		Release|Any CPU = Release|Any CPU
	EndGlobalSection
	GlobalSection(ProjectConfigurationPlatforms) = postSolution
		{2352962E-5859-48E1-A1B4-2EA2282BC7F3}.Debug|Any CPU.ActiveCfg = Debug|Any CPU
		{2352962E-5859-48E1-A1B4-2EA2282BC7F3}.Debug|Any CPU.Build.0 = Debug|Any CPU
		{2352962E-5859-48E1-A1B4-2EA2282BC7F3}.Release|Any CPU.ActiveCfg = Release|Any CPU
		{2352962E-5859-48E1-A1B4-2EA2282BC7F3}.Release|Any CPU.Build.0 = Release|Any CPU
	EndGlobalSection
	GlobalSection(SolutionProperties) = preSolution
		HideSolutionNode = FALSE
	EndGlobalSection
	GlobalSection(ExtensibilityGlobals) = postSolution
		SolutionGuid = {33AE2C5B-A2AB-4BCA-9070-A628F254F7DC}
	EndGlobalSection
EndGlobal
