
Microsoft Visual Studio Solution File, Format Version 12.00
# Visual Studio Version 16
VisualStudioVersion = 16.0.31911.196
MinimumVisualStudioVersion = 10.0.40219.1
Project("{9A19103F-16F7-4668-BE54-9A1E7A4F7556}") = "UnitTest_Mock", "UnitTest_Mock.csproj", "{3480C7AC-F5D8-48EC-A721-F07FD2A9E252}"
EndProject
Project("{FAE04EC0-301F-11D3-BF4B-00C04F79EFBC}") = "TestProject1", "..\TestProject1\TestProject1.csproj", "{164944A6-227C-47B9-8B52-A4F8F416E27E}"
EndProject
Global
	GlobalSection(SolutionConfigurationPlatforms) = preSolution
		Debug|Any CPU = Debug|Any CPU
		Release|Any CPU = Release|Any CPU
	EndGlobalSection
	GlobalSection(ProjectConfigurationPlatforms) = postSolution
		{3480C7AC-F5D8-48EC-A721-F07FD2A9E252}.Debug|Any CPU.ActiveCfg = Debug|Any CPU
		{3480C7AC-F5D8-48EC-A721-F07FD2A9E252}.Debug|Any CPU.Build.0 = Debug|Any CPU
		{3480C7AC-F5D8-48EC-A721-F07FD2A9E252}.Release|Any CPU.ActiveCfg = Release|Any CPU
		{3480C7AC-F5D8-48EC-A721-F07FD2A9E252}.Release|Any CPU.Build.0 = Release|Any CPU
		{164944A6-227C-47B9-8B52-A4F8F416E27E}.Debug|Any CPU.ActiveCfg = Debug|Any CPU
		{164944A6-227C-47B9-8B52-A4F8F416E27E}.Debug|Any CPU.Build.0 = Debug|Any CPU
		{164944A6-227C-47B9-8B52-A4F8F416E27E}.Release|Any CPU.ActiveCfg = Release|Any CPU
		{164944A6-227C-47B9-8B52-A4F8F416E27E}.Release|Any CPU.Build.0 = Release|Any CPU
	EndGlobalSection
	GlobalSection(SolutionProperties) = preSolution
		HideSolutionNode = FALSE
	EndGlobalSection
	GlobalSection(ExtensibilityGlobals) = postSolution
		SolutionGuid = {908367B2-EEFB-4F96-A917-1BCB6DDECE7D}
	EndGlobalSection
EndGlobal
